
Microsoft Visual Studio Solution File, Format Version 12.00
Project("{FAE04EC0-301F-11D3-BF4B-00C04F79EFBC}") = "RoundedCorners", "RoundedCorners\RoundedCorners.csproj", "{36411662-E423-444F-A8E9-447B21224DA7}"
EndProject
Global
	GlobalSection(SolutionConfigurationPlatforms) = preSolution
		Debug|Any CPU = Debug|Any CPU
		Release|Any CPU = Release|Any CPU
	EndGlobalSection
	GlobalSection(ProjectConfigurationPlatforms) = postSolution
		{36411662-E423-444F-A8E9-447B21224DA7}.Debug|Any CPU.ActiveCfg = Debug|Any CPU
		{36411662-E423-444F-A8E9-447B21224DA7}.Debug|Any CPU.Build.0 = Debug|Any CPU
		{36411662-E423-444F-A8E9-447B21224DA7}.Release|Any CPU.ActiveCfg = Release|Any CPU
		{36411662-E423-444F-A8E9-447B21224DA7}.Release|Any CPU.Build.0 = Release|Any CPU
	EndGlobalSection
EndGlobal
